{
  "name": "vue-cli-plugin-component-lib",
  "version": "0.1.0",
  "lockfileVersion": 1,
  "requires": true,
  "dependencies": {
    "lodash.camelcase": {
      "version": "4.3.0",
      "resolved": "http://registry.npm.taobao.org/lodash.camelcase/download/lodash.camelcase-4.3.0.tgz",
      "integrity": "sha1-soqmKIorn8ZRA1x3EfZathkDMaY="
    },
    "lodash.endswith": {
      "version": "4.2.1",
      "resolved": "http://registry.npm.taobao.org/lodash.endswith/download/lodash.endswith-4.2.1.tgz",
      "integrity": "sha1-/tWawXOO0+I27dcGTsRWRIs3vAk="
    },
    "lodash.kebabcase": {
      "version": "4.1.1",
      "resolved": "http://registry.npm.taobao.org/lodash.kebabcase/download/lodash.kebabcase-4.1.1.tgz",
      "integrity": "sha1-hImxyw0p/4gZXM7KRI/21swpXDY="
    },
    "lodash.upperfirst": {
      "version": "4.3.1",
      "resolved": "http://registry.npm.taobao.org/lodash.upperfirst/download/lodash.upperfirst-4.3.1.tgz",
      "integrity": "sha1-E2Xt9DFIBIHvDRxolXpe2Z1J984="
    },
    "spdx-license-list": {
      "version": "5.0.0",
      "resolved": "http://registry.npm.taobao.org/spdx-license-list/download/spdx-license-list-5.0.0.tgz",
      "integrity": "sha1-0QAYZjHsFndAlGMsIqemk8Od+QM="
    }
  }
}
