# THIS IS AN AUTOGENERATED FILE. DO NOT EDIT THIS FILE DIRECTLY.
# yarn lockfile v1


lodash.camelcase@^4.3.0:
  version "4.3.0"
  resolved "https://registry.yarnpkg.com/lodash.camelcase/-/lodash.camelcase-4.3.0.tgz#b28aa6288a2b9fc651035c7711f65ab6190331a6"
  integrity sha1-soqmKIorn8ZRA1x3EfZathkDMaY=

lodash.endswith@^4.2.1:
  version "4.2.1"
  resolved "https://registry.yarnpkg.com/lodash.endswith/-/lodash.endswith-4.2.1.tgz#fed59ac1738ed3e236edd7064ec456448b37bc09"
  integrity sha1-/tWawXOO0+I27dcGTsRWRIs3vAk=

lodash.kebabcase@^4.1.1:
  version "4.1.1"
  resolved "https://registry.yarnpkg.com/lodash.kebabcase/-/lodash.kebabcase-4.1.1.tgz#8489b1cb0d29ff88195cceca448ff6d6cc295c36"
  integrity sha1-hImxyw0p/4gZXM7KRI/21swpXDY=

lodash.upperfirst@^4.3.1:
  version "4.3.1"
  resolved "https://registry.yarnpkg.com/lodash.upperfirst/-/lodash.upperfirst-4.3.1.tgz#1365edf431480481ef0d1c68957a5ed99d49f7ce"
  integrity sha1-E2Xt9DFIBIHvDRxolXpe2Z1J984=

spdx-license-list@^5.0.0:
  version "5.0.0"
  resolved "https://registry.yarnpkg.com/spdx-license-list/-/spdx-license-list-5.0.0.tgz#d100186631ec16774094632c22a7a693c39df903"
  integrity sha512-N5u9tEFRBUzQDjMKRRt8SHxC/UaqYApPmdF4MMFnICQg3z52onNbnneuro/sWw2rd+eGu9agQOzUbD671Xia7Q==
